<?xml version="1.0" encoding="utf-8"?>
<Project ToolsVersion="4.0" xmlns="http://schemas.microsoft.com/developer/msbuild/2003">
  <ItemGroup>
    <Filter Include="Source Files">
      <UniqueIdentifier>{4FC737F1-C7A5-4376-A066-2A32D752A2FF}</UniqueIdentifier>
      <Extensions>cpp;c;cc;cxx;def;odl;idl;hpj;bat;asm;asmx</Extensions>
    </Filter>
    <Filter Include="Header Files">
      <UniqueIdentifier>{93995380-89BD-4b04-88EB-625FBE52EBFB}</UniqueIdentifier>
      <Extensions>h;hh;hpp;hxx;hm;inl;inc;xsd</Extensions>
    </Filter>
    <Filter Include="Resource Files">
      <UniqueIdentifier>{67DA6AB6-F800-4c08-8B7A-83BB121AAD01}</UniqueIdentifier>
      <Extensions>rc;ico;cur;bmp;dlg;rc2;rct;bin;rgs;gif;jpg;jpeg;jpe;resx;tiff;tif;png;wav;mfcribbon-ms</Extensions>
    </Filter>
    <Filter Include="Lua">
      <UniqueIdentifier>{5febcf18-d6cc-4b27-817d-7035732d4ab8}</UniqueIdentifier>
    </Filter>
    <Filter Include="LuaGff">
      <UniqueIdentifier>{aa6bd88c-b188-4d8b-9f2c-305ade8565c0}</UniqueIdentifier>
    </Filter>
    <Filter Include="LuaGff\Source Files">
      <UniqueIdentifier>{1104a7b9-78cd-4963-bbcf-d8e89824bee3}</UniqueIdentifier>
    </Filter>
    <Filter Include="LuaGff\Header Files">
      <UniqueIdentifier>{322d8877-0053-433b-b9ce-6f7432d16e6e}</UniqueIdentifier>
    </Filter>
    <Filter Include="LuaTimer">
      <UniqueIdentifier>{d98a3149-6aa6-4d49-bf4c-187f4aedd10e}</UniqueIdentifier>
    </Filter>
    <Filter Include="LuaTimer\Header Files">
      <UniqueIdentifier>{0a878b2a-3981-4293-853a-3972480f9661}</UniqueIdentifier>
    </Filter>
    <Filter Include="LuaTimer\Source Files">
      <UniqueIdentifier>{b7e01c90-68a1-422f-8bc8-cd81c54dbd1f}</UniqueIdentifier>
    </Filter>
    <Filter Include="LuaMySQL">
      <UniqueIdentifier>{aee4f7e1-7786-40ab-b8ef-64b33522e904}</UniqueIdentifier>
    </Filter>
    <Filter Include="LuaMySQL\Header Files">
      <UniqueIdentifier>{c60550ae-8d6f-4109-ab0f-da4bc2b38292}</UniqueIdentifier>
    </Filter>
    <Filter Include="LuaMySQL\Source Files">
      <UniqueIdentifier>{d6cd8c0e-eb92-488c-ae6b-762a3b679fff}</UniqueIdentifier>
    </Filter>
    <Filter Include="LuaFileSystem">
      <UniqueIdentifier>{a49d0837-6489-4fe3-8038-3d45fa8a4809}</UniqueIdentifier>
    </Filter>
    <Filter Include="LuaFileSystem\Header Files">
      <UniqueIdentifier>{80800d5c-4a41-47fe-8b95-334b50b8abaf}</UniqueIdentifier>
    </Filter>
    <Filter Include="LuaFileSystem\Source Files">
      <UniqueIdentifier>{04281dea-b37e-4d69-8696-01394c09ead3}</UniqueIdentifier>
    </Filter>
    <Filter Include="LuaSQLite">
      <UniqueIdentifier>{837f942e-0bb1-4632-809f-99d95b023ac1}</UniqueIdentifier>
    </Filter>
    <Filter Include="LuaSQLite\Header Files">
      <UniqueIdentifier>{cb7f6976-b9b9-4f6f-934e-6aed1c877388}</UniqueIdentifier>
    </Filter>
    <Filter Include="LuaSQLite\Source Files">
      <UniqueIdentifier>{a4ce2ed5-5512-49e7-875d-28cc80fa3375}</UniqueIdentifier>
    </Filter>
    <Filter Include="LuaErf">
      <UniqueIdentifier>{46f129c2-2319-4be8-a3a4-19ef57b74e1f}</UniqueIdentifier>
    </Filter>
    <Filter Include="LuaErf\Header Files">
      <UniqueIdentifier>{59156827-bd84-4c7b-b96b-9852b78bff65}</UniqueIdentifier>
    </Filter>
    <Filter Include="LuaErf\Source Files">
      <UniqueIdentifier>{95b69ef2-fe92-4cfb-99c9-4245e44dcdb9}</UniqueIdentifier>
    </Filter>
    <Filter Include="LuaMD5">
      <UniqueIdentifier>{f3664418-ac63-4aaa-87cc-3d0da3ad7fb6}</UniqueIdentifier>
    </Filter>
    <Filter Include="LuaMD5\Header Files">
      <UniqueIdentifier>{7a1e04f4-2838-4487-9e6f-f0de28216ed1}</UniqueIdentifier>
    </Filter>
    <Filter Include="LuaMD5\Source Files">
      <UniqueIdentifier>{7703a69d-d192-4f3a-8d11-e570dcac0244}</UniqueIdentifier>
    </Filter>
    <Filter Include="LuaHTTP">
      <UniqueIdentifier>{d8689614-2c91-446a-b9ae-beff28b906aa}</UniqueIdentifier>
    </Filter>
    <Filter Include="LuaHTTP\Header Files">
      <UniqueIdentifier>{523b5adb-1ebe-4985-816e-dbb8492b2042}</UniqueIdentifier>
    </Filter>
    <Filter Include="LuaHTTP\Source Files">
      <UniqueIdentifier>{6afb50f5-e833-4781-8874-00919cda37b6}</UniqueIdentifier>
    </Filter>
    <Filter Include="LuaProcess">
      <UniqueIdentifier>{f6adc465-8171-47eb-87c7-382605644e94}</UniqueIdentifier>
    </Filter>
    <Filter Include="LuaProcess\Header Files">
      <UniqueIdentifier>{fe4ee218-9906-4aba-88cf-dcbcbfaf1450}</UniqueIdentifier>
    </Filter>
    <Filter Include="LuaProcess\Source Files">
      <UniqueIdentifier>{5fe20aa0-5a64-41b4-bb03-48dc2862c9ca}</UniqueIdentifier>
    </Filter>
    <Filter Include="LuaService">
      <UniqueIdentifier>{c2fff22e-a67a-4f91-a96e-df12a5e17fcc}</UniqueIdentifier>
    </Filter>
    <Filter Include="LuaService\Client">
      <UniqueIdentifier>{fcc1bcc0-033a-4370-94ab-2eb9e3c573cd}</UniqueIdentifier>
    </Filter>
    <Filter Include="LuaService\Server">
      <UniqueIdentifier>{2d2b17ca-bdb5-49fb-a6aa-212e6c648a50}</UniqueIdentifier>
    </Filter>
    <Filter Include="LuaService\Server\Header Files">
      <UniqueIdentifier>{e2f8e27a-c81a-45b9-9275-c6b98287f69c}</UniqueIdentifier>
    </Filter>
    <Filter Include="LuaService\Server\Source Files">
      <UniqueIdentifier>{3cd43b7a-f9cd-4f21-badc-1d71a5ee4dbd}</UniqueIdentifier>
    </Filter>
    <Filter Include="LuaService\Client\Header Files">
      <UniqueIdentifier>{28645e10-1c82-4456-9ae8-3f1f01a71cbe}</UniqueIdentifier>
    </Filter>
    <Filter Include="LuaService\Client\Source Files">
      <UniqueIdentifier>{908fb6cf-56a3-41a7-a28b-f7d20b349491}</UniqueIdentifier>
    </Filter>
    <Filter Include="LuaTLK">
      <UniqueIdentifier>{2b7cf395-5a5d-4e27-b3b2-5185524e3a8f}</UniqueIdentifier>
    </Filter>
    <Filter Include="LuaTLK\Header Files">
      <UniqueIdentifier>{7791ab5a-df3f-462c-980e-f5c354c5cd86}</UniqueIdentifier>
    </Filter>
    <Filter Include="LuaTLK\Source Files">
      <UniqueIdentifier>{d16048f4-2d4c-483a-b38f-9a874e380d74}</UniqueIdentifier>
    </Filter>
    <Filter Include="Lua2DA">
      <UniqueIdentifier>{ed971ecf-964f-4e93-bb8b-9f6feb614522}</UniqueIdentifier>
    </Filter>
    <Filter Include="Lua2DA\Header Files">
      <UniqueIdentifier>{9e42cf08-d0ec-481f-b5e9-27fcda281c8b}</UniqueIdentifier>
    </Filter>
    <Filter Include="Lua2DA\Source Files">
      <UniqueIdentifier>{f7e519d6-566e-49be-9360-4812b3bda180}</UniqueIdentifier>
    </Filter>
    <Filter Include="LuaZIP">
      <UniqueIdentifier>{3716acaf-984a-49de-bf47-12dc010641b1}</UniqueIdentifier>
    </Filter>
    <Filter Include="LuaZIP\Header Files">
      <UniqueIdentifier>{f82b5040-a667-404d-8af9-5b0f2a82d073}</UniqueIdentifier>
    </Filter>
    <Filter Include="LuaZIP\Source Files">
      <UniqueIdentifier>{d7427226-cd79-4fc8-97fc-359314db5588}</UniqueIdentifier>
    </Filter>
    <Filter Include="Util">
      <UniqueIdentifier>{4c3c8bdb-38d8-4af7-b632-e2a1a5a1a63e}</UniqueIdentifier>
    </Filter>
    <Filter Include="NamedPipes">
      <UniqueIdentifier>{6b3006b2-b959-491a-a3db-acf5c9e3babd}</UniqueIdentifier>
    </Filter>
    <Filter Include="NamedPipes\Header Files">
      <UniqueIdentifier>{7ff5c78a-614d-486a-8bc8-6986e09da03a}</UniqueIdentifier>
    </Filter>
    <Filter Include="NamedPipes\Source Files">
      <UniqueIdentifier>{f46a46ad-45d7-4598-95fa-e909b47a1e1d}</UniqueIdentifier>
    </Filter>
    <Filter Include="LuaImage">
      <UniqueIdentifier>{60a4a8f7-98b4-48e5-9e10-7c739c70d239}</UniqueIdentifier>
    </Filter>
    <Filter Include="LuaImage\Header Files">
      <UniqueIdentifier>{a496c177-8d4c-4a83-b0be-39db090529d8}</UniqueIdentifier>
    </Filter>
    <Filter Include="LuaImage\Source Files">
      <UniqueIdentifier>{c5bb357b-5495-44fd-a868-9524bb024628}</UniqueIdentifier>
    </Filter>
    <Filter Include="LuaStream">
      <UniqueIdentifier>{434db58b-05c4-45f3-acd1-f35be75015db}</UniqueIdentifier>
    </Filter>
    <Filter Include="LuaStream\Header Files">
      <UniqueIdentifier>{8f795216-a0dc-4ed3-b84a-992467e47584}</UniqueIdentifier>
    </Filter>
    <Filter Include="LuaStream\Source Files">
      <UniqueIdentifier>{8fb4bfcd-53c0-4139-8dcd-d2882af0022e}</UniqueIdentifier>
    </Filter>
    <Filter Include="LuaODBC">
      <UniqueIdentifier>{94a5dc90-d80c-4f2e-a07a-bab0c70df501}</UniqueIdentifier>
    </Filter>
    <Filter Include="LuaODBC\Header Files">
      <UniqueIdentifier>{4183e17b-5bd5-4ffb-b491-615b2d8af7f5}</UniqueIdentifier>
    </Filter>
    <Filter Include="LuaODBC\Source Files">
      <UniqueIdentifier>{8a1b9a3f-bd96-4318-a49e-dc9cac77fb73}</UniqueIdentifier>
    </Filter>
    <Filter Include="LuaWindowsServices">
      <UniqueIdentifier>{44ec272f-79d6-40fd-85e3-4b3e0a5791d4}</UniqueIdentifier>
    </Filter>
    <Filter Include="LuaWindowsServices\Header Files">
      <UniqueIdentifier>{9e45ec6e-9aeb-4f15-953d-c8bac7f48722}</UniqueIdentifier>
    </Filter>
    <Filter Include="LuaWindowsServices\Source Files">
      <UniqueIdentifier>{f683ebd4-05ab-4408-af2a-12e600c91fc3}</UniqueIdentifier>
    </Filter>
    <Filter Include="LuaSocket">
      <UniqueIdentifier>{f4efa851-4aff-4f16-9437-4931eaeca6b5}</UniqueIdentifier>
    </Filter>
    <Filter Include="LuaSocket\Header Files">
      <UniqueIdentifier>{07414259-f2a5-456b-9627-472b8d5e520b}</UniqueIdentifier>
    </Filter>
    <Filter Include="LuaSocket\Source Files">
      <UniqueIdentifier>{5477ed92-0c67-4705-bd27-adb88132c976}</UniqueIdentifier>
    </Filter>
    <Filter Include="LuaLinkedList">
      <UniqueIdentifier>{9855b5c5-639a-4ec3-a5b3-0b60ba3d2bb3}</UniqueIdentifier>
    </Filter>
    <Filter Include="LuaLinkedList\Header Files">
      <UniqueIdentifier>{f2276eea-304e-4d11-baf2-cf8bda8e9933}</UniqueIdentifier>
    </Filter>
    <Filter Include="LuaLinkedList\Source Files">
      <UniqueIdentifier>{8ade1e33-4630-47bd-bc9b-130df025156b}</UniqueIdentifier>
    </Filter>
    <Filter Include="LuaKafka">
      <UniqueIdentifier>{e4f30f39-2b06-4efd-b027-6e6db5fd5b77}</UniqueIdentifier>
    </Filter>
    <Filter Include="LuaKafka\Header Files">
      <UniqueIdentifier>{46790a7b-a8c1-4210-8051-67fa93878bd9}</UniqueIdentifier>
    </Filter>
    <Filter Include="LuaKafka\Source Files">
      <UniqueIdentifier>{5c92bced-32c7-43b7-82fb-7696a67caa66}</UniqueIdentifier>
    </Filter>
  </ItemGroup>
  <ItemGroup>
    <ClCompile Include="Program.cpp">
      <Filter>Source Files</Filter>
    </ClCompile>
    <ClCompile Include="Lua\lapi.c">
      <Filter>Lua</Filter>
    </ClCompile>
    <ClCompile Include="Lua\lauxlib.c">
      <Filter>Lua</Filter>
    </ClCompile>
    <ClCompile Include="Lua\lbaselib.c">
      <Filter>Lua</Filter>
    </ClCompile>
    <ClCompile Include="Lua\lbitlib.c">
      <Filter>Lua</Filter>
    </ClCompile>
    <ClCompile Include="Lua\lcode.c">
      <Filter>Lua</Filter>
    </ClCompile>
    <ClCompile Include="Lua\lcorolib.c">
      <Filter>Lua</Filter>
    </ClCompile>
    <ClCompile Include="Lua\lctype.c">
      <Filter>Lua</Filter>
    </ClCompile>
    <ClCompile Include="Lua\ldblib.c">
      <Filter>Lua</Filter>
    </ClCompile>
    <ClCompile Include="Lua\ldebug.c">
      <Filter>Lua</Filter>
    </ClCompile>
    <ClCompile Include="Lua\ldo.c">
      <Filter>Lua</Filter>
    </ClCompile>
    <ClCompile Include="Lua\ldump.c">
      <Filter>Lua</Filter>
    </ClCompile>
    <ClCompile Include="Lua\lfunc.c">
      <Filter>Lua</Filter>
    </ClCompile>
    <ClCompile Include="Lua\lgc.c">
      <Filter>Lua</Filter>
    </ClCompile>
    <ClCompile Include="Lua\linit.c">
      <Filter>Lua</Filter>
    </ClCompile>
    <ClCompile Include="Lua\liolib.c">
      <Filter>Lua</Filter>
    </ClCompile>
    <ClCompile Include="Lua\llex.c">
      <Filter>Lua</Filter>
    </ClCompile>
    <ClCompile Include="Lua\lmathlib.c">
      <Filter>Lua</Filter>
    </ClCompile>
    <ClCompile Include="Lua\lmem.c">
      <Filter>Lua</Filter>
    </ClCompile>
    <ClCompile Include="Lua\loadlib.c">
      <Filter>Lua</Filter>
    </ClCompile>
    <ClCompile Include="Lua\lobject.c">
      <Filter>Lua</Filter>
    </ClCompile>
    <ClCompile Include="Lua\lopcodes.c">
      <Filter>Lua</Filter>
    </ClCompile>
    <ClCompile Include="Lua\loslib.c">
      <Filter>Lua</Filter>
    </ClCompile>
    <ClCompile Include="Lua\lparser.c">
      <Filter>Lua</Filter>
    </ClCompile>
    <ClCompile Include="Lua\lstate.c">
      <Filter>Lua</Filter>
    </ClCompile>
    <ClCompile Include="Lua\lstring.c">
      <Filter>Lua</Filter>
    </ClCompile>
    <ClCompile Include="Lua\lstrlib.c">
      <Filter>Lua</Filter>
    </ClCompile>
    <ClCompile Include="Lua\ltable.c">
      <Filter>Lua</Filter>
    </ClCompile>
    <ClCompile Include="Lua\ltablib.c">
      <Filter>Lua</Filter>
    </ClCompile>
    <ClCompile Include="Lua\ltm.c">
      <Filter>Lua</Filter>
    </ClCompile>
    <ClCompile Include="Lua\lundump.c">
      <Filter>Lua</Filter>
    </ClCompile>
    <ClCompile Include="Lua\lutf8lib.c">
      <Filter>Lua</Filter>
    </ClCompile>
    <ClCompile Include="Lua\lvm.c">
      <Filter>Lua</Filter>
    </ClCompile>
    <ClCompile Include="Lua\lzio.c">
      <Filter>Lua</Filter>
    </ClCompile>
    <ClCompile Include="GFFMain.cpp">
      <Filter>LuaGff</Filter>
    </ClCompile>
    <ClCompile Include="LuaGff.cpp">
      <Filter>LuaGff</Filter>
    </ClCompile>
    <ClCompile Include="GffStruct.cpp">
      <Filter>LuaGff\Source Files</Filter>
    </ClCompile>
    <ClCompile Include="GffHeader.cpp">
      <Filter>LuaGff\Source Files</Filter>
    </ClCompile>
    <ClCompile Include="GffField.cpp">
      <Filter>LuaGff\Source Files</Filter>
    </ClCompile>
    <ClCompile Include="GffLabel.cpp">
      <Filter>LuaGff\Source Files</Filter>
    </ClCompile>
    <ClCompile Include="TimerMain.cpp">
      <Filter>LuaTimer</Filter>
    </ClCompile>
    <ClCompile Include="Timer.cpp">
      <Filter>LuaTimer\Source Files</Filter>
    </ClCompile>
    <ClCompile Include="MySQLMain.cpp">
      <Filter>LuaMySQL</Filter>
    </ClCompile>
    <ClCompile Include="LuaMySQL.cpp">
      <Filter>LuaMySQL\Source Files</Filter>
    </ClCompile>
    <ClCompile Include="lua_misc.cpp">
      <Filter>Source Files</Filter>
    </ClCompile>
    <ClCompile Include="LuaFileSystemMain.cpp">
      <Filter>LuaFileSystem</Filter>
    </ClCompile>
    <ClCompile Include="LuaFileSystem.cpp">
      <Filter>LuaFileSystem\Source Files</Filter>
    </ClCompile>
    <ClCompile Include="LuaSQLiteMain.cpp">
      <Filter>LuaSQLite</Filter>
    </ClCompile>
    <ClCompile Include="LuaSQLite.cpp">
      <Filter>LuaSQLite\Source Files</Filter>
    </ClCompile>
    <ClCompile Include="SQLite\sqlite3.c">
      <Filter>LuaSQLite\Source Files</Filter>
    </ClCompile>
    <ClCompile Include="ERFMain.cpp">
      <Filter>LuaErf</Filter>
    </ClCompile>
    <ClCompile Include="Erf.cpp">
      <Filter>LuaErf\Source Files</Filter>
    </ClCompile>
    <ClCompile Include="md5.c">
      <Filter>LuaMD5\Source Files</Filter>
    </ClCompile>
    <ClCompile Include="MD5Main.cpp">
      <Filter>LuaMD5</Filter>
    </ClCompile>
    <ClCompile Include="LuaMD5.cpp">
      <Filter>LuaMD5\Source Files</Filter>
    </ClCompile>
    <ClCompile Include="HttpMain.cpp">
      <Filter>LuaHTTP</Filter>
    </ClCompile>
    <ClCompile Include="Buffer.cpp">
      <Filter>LuaHTTP\Source Files</Filter>
    </ClCompile>
    <ClCompile Include="ProcessMain.cpp">
      <Filter>LuaProcess</Filter>
    </ClCompile>
    <ClCompile Include="LuaProcess.cpp">
      <Filter>LuaProcess\Source Files</Filter>
    </ClCompile>
    <ClCompile Include="LuaServerMain.cpp">
      <Filter>LuaService\Server</Filter>
    </ClCompile>
    <ClCompile Include="LuaServer.cpp">
      <Filter>LuaService\Server\Source Files</Filter>
    </ClCompile>
    <ClCompile Include="LuaClientMain.cpp">
      <Filter>LuaService\Client</Filter>
    </ClCompile>
    <ClCompile Include="LuaClient.cpp">
      <Filter>LuaService\Client\Source Files</Filter>
    </ClCompile>
    <ClCompile Include="tlk.cpp">
      <Filter>LuaTLK\Source Files</Filter>
    </ClCompile>
    <ClCompile Include="TlkMain.cpp">
      <Filter>LuaTLK</Filter>
    </ClCompile>
    <ClCompile Include="2da.cpp">
      <Filter>Lua2DA\Source Files</Filter>
    </ClCompile>
    <ClCompile Include="2DAMain.cpp">
      <Filter>Lua2DA</Filter>
    </ClCompile>
    <ClCompile Include="luazip.cpp">
      <Filter>LuaZIP\Source Files</Filter>
    </ClCompile>
    <ClCompile Include="ZIPMain.cpp">
      <Filter>LuaZIP</Filter>
    </ClCompile>
    <ClCompile Include="ResourceTypes.cpp">
      <Filter>LuaErf</Filter>
    </ClCompile>
    <ClCompile Include="List.cpp">
      <Filter>Util</Filter>
    </ClCompile>
    <ClCompile Include="Queue.cpp">
      <Filter>Util</Filter>
    </ClCompile>
    <ClCompile Include="Server.cpp">
      <Filter>LuaService\Server\Source Files</Filter>
    </ClCompile>
    <ClCompile Include="networking.cpp">
      <Filter>Header Files</Filter>
    </ClCompile>
    <ClCompile Include="NetEvent.cpp">
      <Filter>LuaService</Filter>
    </ClCompile>
    <ClCompile Include="Client.cpp">
      <Filter>LuaService\Client\Source Files</Filter>
    </ClCompile>
    <ClCompile Include="_Http.cpp">
      <Filter>LuaHTTP\Source Files</Filter>
    </ClCompile>
    <ClCompile Include="Http.cpp">
      <Filter>LuaHTTP\Source Files</Filter>
    </ClCompile>
    <ClCompile Include="LuaMySQLResult.cpp">
      <Filter>LuaMySQL\Source Files</Filter>
    </ClCompile>
    <ClCompile Include="mysql_main_incl.cpp">
      <Filter>LuaMySQL\Source Files</Filter>
    </ClCompile>
    <ClCompile Include="NamedPipeMain.cpp">
      <Filter>NamedPipes</Filter>
    </ClCompile>
    <ClCompile Include="namedpipe.cpp">
      <Filter>NamedPipes\Source Files</Filter>
    </ClCompile>
    <ClCompile Include="LuaImageMain.cpp">
      <Filter>LuaImage</Filter>
    </ClCompile>
    <ClCompile Include="image.cpp">
      <Filter>LuaImage\Source Files</Filter>
    </ClCompile>
    <ClCompile Include="stream.cpp">
      <Filter>LuaStream\Source Files</Filter>
    </ClCompile>
    <ClCompile Include="StreamMain.cpp">
      <Filter>LuaStream</Filter>
    </ClCompile>
    <ClCompile Include="ODBCMain.cpp">
      <Filter>LuaODBC</Filter>
    </ClCompile>
    <ClCompile Include="odbc.cpp">
      <Filter>LuaODBC\Source Files</Filter>
    </ClCompile>
    <ClCompile Include="WinServices.cpp">
      <Filter>LuaWindowsServices\Source Files</Filter>
    </ClCompile>
    <ClCompile Include="WinServicesMain.cpp">
      <Filter>LuaWindowsServices</Filter>
    </ClCompile>
    <ClCompile Include="luasocket.cpp">
      <Filter>LuaSocket\Source Files</Filter>
    </ClCompile>
    <ClCompile Include="luasocketmain.cpp">
      <Filter>LuaSocket</Filter>
    </ClCompile>
    <ClCompile Include="LinkedList.cpp">
      <Filter>LuaLinkedList\Source Files</Filter>
    </ClCompile>
    <ClCompile Include="LuaLinkedList.cpp">
      <Filter>LuaLinkedList\Source Files</Filter>
    </ClCompile>
    <ClCompile Include="LuaLinkedListMain.cpp">
      <Filter>LuaLinkedList</Filter>
    </ClCompile>
    <ClCompile Include="luakafka.cpp">
      <Filter>LuaKafka\Source Files</Filter>
    </ClCompile>
    <ClCompile Include="luakafkamain.cpp">
      <Filter>LuaKafka</Filter>
    </ClCompile>
  </ItemGroup>
  <ItemGroup>
    <ClInclude Include="Lua\lapi.h">
      <Filter>Lua</Filter>
    </ClInclude>
    <ClInclude Include="Lua\lauxlib.h">
      <Filter>Lua</Filter>
    </ClInclude>
    <ClInclude Include="Lua\lcode.h">
      <Filter>Lua</Filter>
    </ClInclude>
    <ClInclude Include="Lua\lctype.h">
      <Filter>Lua</Filter>
    </ClInclude>
    <ClInclude Include="Lua\ldebug.h">
      <Filter>Lua</Filter>
    </ClInclude>
    <ClInclude Include="Lua\ldo.h">
      <Filter>Lua</Filter>
    </ClInclude>
    <ClInclude Include="Lua\lfunc.h">
      <Filter>Lua</Filter>
    </ClInclude>
    <ClInclude Include="Lua\lgc.h">
      <Filter>Lua</Filter>
    </ClInclude>
    <ClInclude Include="Lua\llex.h">
      <Filter>Lua</Filter>
    </ClInclude>
    <ClInclude Include="Lua\llimits.h">
      <Filter>Lua</Filter>
    </ClInclude>
    <ClInclude Include="Lua\lmem.h">
      <Filter>Lua</Filter>
    </ClInclude>
    <ClInclude Include="Lua\lobject.h">
      <Filter>Lua</Filter>
    </ClInclude>
    <ClInclude Include="Lua\lopcodes.h">
      <Filter>Lua</Filter>
    </ClInclude>
    <ClInclude Include="Lua\lparser.h">
      <Filter>Lua</Filter>
    </ClInclude>
    <ClInclude Include="Lua\lprefix.h">
      <Filter>Lua</Filter>
    </ClInclude>
    <ClInclude Include="Lua\lstate.h">
      <Filter>Lua</Filter>
    </ClInclude>
    <ClInclude Include="Lua\lstring.h">
      <Filter>Lua</Filter>
    </ClInclude>
    <ClInclude Include="Lua\ltable.h">
      <Filter>Lua</Filter>
    </ClInclude>
    <ClInclude Include="Lua\ltm.h">
      <Filter>Lua</Filter>
    </ClInclude>
    <ClInclude Include="Lua\lua.h">
      <Filter>Lua</Filter>
    </ClInclude>
    <ClInclude Include="Lua\lua.hpp">
      <Filter>Lua</Filter>
    </ClInclude>
    <ClInclude Include="Lua\luaconf.h">
      <Filter>Lua</Filter>
    </ClInclude>
    <ClInclude Include="Lua\lualib.h">
      <Filter>Lua</Filter>
    </ClInclude>
    <ClInclude Include="Lua\lundump.h">
      <Filter>Lua</Filter>
    </ClInclude>
    <ClInclude Include="Lua\lvm.h">
      <Filter>Lua</Filter>
    </ClInclude>
    <ClInclude Include="Lua\lzio.h">
      <Filter>Lua</Filter>
    </ClInclude>
    <ClInclude Include="lua_main_incl.h">
      <Filter>Header Files</Filter>
    </ClInclude>
    <ClInclude Include="LuaGff.h">
      <Filter>LuaGff</Filter>
    </ClInclude>
    <ClInclude Include="GFFMain.h">
      <Filter>LuaGff</Filter>
    </ClInclude>
    <ClInclude Include="GffStruct.h">
      <Filter>LuaGff\Header Files</Filter>
    </ClInclude>
    <ClInclude Include="GffHeader.h">
      <Filter>LuaGff\Header Files</Filter>
    </ClInclude>
    <ClInclude Include="GffField.h">
      <Filter>LuaGff\Header Files</Filter>
    </ClInclude>
    <ClInclude Include="GffLabel.h">
      <Filter>LuaGff\Header Files</Filter>
    </ClInclude>
    <ClInclude Include="TimerMain.h">
      <Filter>LuaTimer</Filter>
    </ClInclude>
    <ClInclude Include="Timer.h">
      <Filter>LuaTimer\Header Files</Filter>
    </ClInclude>
    <ClInclude Include="MySQLMain.h">
      <Filter>LuaMySQL</Filter>
    </ClInclude>
    <ClInclude Include="LuaMySQL.h">
      <Filter>LuaMySQL\Header Files</Filter>
    </ClInclude>
    <ClInclude Include="lua_misc.h">
      <Filter>Header Files</Filter>
    </ClInclude>
    <ClInclude Include="LuaFileSystemMain.h">
      <Filter>LuaFileSystem</Filter>
    </ClInclude>
    <ClInclude Include="LuaFileSystem.h">
      <Filter>LuaFileSystem\Header Files</Filter>
    </ClInclude>
    <ClInclude Include="LuaSQLiteMain.h">
      <Filter>LuaSQLite</Filter>
    </ClInclude>
    <ClInclude Include="LuaSQLite.h">
      <Filter>LuaSQLite\Header Files</Filter>
    </ClInclude>
    <ClInclude Include="SQLite\sqlite3.h">
      <Filter>LuaSQLite\Header Files</Filter>
    </ClInclude>
    <ClInclude Include="ERFMain.h">
      <Filter>LuaErf</Filter>
    </ClInclude>
    <ClInclude Include="Erf.h">
      <Filter>LuaErf\Header Files</Filter>
    </ClInclude>
    <ClInclude Include="md5.h">
      <Filter>LuaMD5\Header Files</Filter>
    </ClInclude>
    <ClInclude Include="MD5Main.h">
      <Filter>LuaMD5</Filter>
    </ClInclude>
    <ClInclude Include="LuaMD5.h">
      <Filter>LuaMD5\Header Files</Filter>
    </ClInclude>
    <ClInclude Include="HttpMain.h">
      <Filter>LuaHTTP</Filter>
    </ClInclude>
    <ClInclude Include="Buffer.h">
      <Filter>LuaHTTP\Header Files</Filter>
    </ClInclude>
    <ClInclude Include="ProcessMain.h">
      <Filter>LuaProcess</Filter>
    </ClInclude>
    <ClInclude Include="LuaProcess.h">
      <Filter>LuaProcess\Header Files</Filter>
    </ClInclude>
    <ClInclude Include="networking.h">
      <Filter>Header Files</Filter>
    </ClInclude>
    <ClInclude Include="LuaServerMain.h">
      <Filter>LuaService\Server</Filter>
    </ClInclude>
    <ClInclude Include="LuaServer.h">
      <Filter>LuaService\Server\Header Files</Filter>
    </ClInclude>
    <ClInclude Include="LuaClientMain.h">
      <Filter>LuaService\Client</Filter>
    </ClInclude>
    <ClInclude Include="LuaClient.h">
      <Filter>LuaService\Client\Header Files</Filter>
    </ClInclude>
    <ClInclude Include="tlk.h">
      <Filter>LuaTLK\Header Files</Filter>
    </ClInclude>
    <ClInclude Include="TlkMain.h">
      <Filter>LuaTLK</Filter>
    </ClInclude>
    <ClInclude Include="2da.h">
      <Filter>Lua2DA\Header Files</Filter>
    </ClInclude>
    <ClInclude Include="2DAMain.h">
      <Filter>Lua2DA</Filter>
    </ClInclude>
    <ClInclude Include="luazip.h">
      <Filter>LuaZIP\Header Files</Filter>
    </ClInclude>
    <ClInclude Include="ZIPMain.h">
      <Filter>LuaZIP</Filter>
    </ClInclude>
    <ClInclude Include="zip\zip.h">
      <Filter>LuaZIP\Header Files</Filter>
    </ClInclude>
    <ClInclude Include="zip\zipconf.h">
      <Filter>LuaZIP\Header Files</Filter>
    </ClInclude>
    <ClInclude Include="ResourcesTypes.h">
      <Filter>LuaErf</Filter>
    </ClInclude>
    <ClInclude Include="List.h">
      <Filter>Util</Filter>
    </ClInclude>
    <ClInclude Include="Queue.h">
      <Filter>Util</Filter>
    </ClInclude>
    <ClInclude Include="Server.h">
      <Filter>LuaService\Server\Header Files</Filter>
    </ClInclude>
    <ClInclude Include="NetEvent.h">
      <Filter>LuaService</Filter>
    </ClInclude>
    <ClInclude Include="Client.h">
      <Filter>LuaService\Client\Header Files</Filter>
    </ClInclude>
    <ClInclude Include="_Http.h">
      <Filter>LuaHTTP\Header Files</Filter>
    </ClInclude>
    <ClInclude Include="Http.h">
      <Filter>LuaHTTP\Header Files</Filter>
    </ClInclude>
    <ClInclude Include="resource.h">
      <Filter>Header Files</Filter>
    </ClInclude>
    <ClInclude Include="LuaMySQLResult.h">
      <Filter>LuaMySQL\Header Files</Filter>
    </ClInclude>
    <ClInclude Include="mysql_main_incl.h">
      <Filter>LuaMySQL\Header Files</Filter>
    </ClInclude>
    <ClInclude Include="NamedPipeMain.h">
      <Filter>NamedPipes</Filter>
    </ClInclude>
    <ClInclude Include="namedpipe.h">
      <Filter>NamedPipes\Header Files</Filter>
    </ClInclude>
    <ClInclude Include="LuaImageMain.h">
      <Filter>LuaImage</Filter>
    </ClInclude>
    <ClInclude Include="image.h">
      <Filter>LuaImage\Header Files</Filter>
    </ClInclude>
    <ClInclude Include="stream.h">
      <Filter>LuaStream\Header Files</Filter>
    </ClInclude>
    <ClInclude Include="StreamMain.h">
      <Filter>LuaStream</Filter>
    </ClInclude>
    <ClInclude Include="ODBCMain.h">
      <Filter>LuaODBC</Filter>
    </ClInclude>
    <ClInclude Include="odbc.h">
      <Filter>LuaODBC\Header Files</Filter>
    </ClInclude>
    <ClInclude Include="WinServices.h">
      <Filter>LuaWindowsServices\Header Files</Filter>
    </ClInclude>
    <ClInclude Include="WinServicesMain.h">
      <Filter>LuaWindowsServices</Filter>
    </ClInclude>
    <ClInclude Include="luasocket.h">
      <Filter>LuaSocket\Header Files</Filter>
    </ClInclude>
    <ClInclude Include="luasocketmain.h">
      <Filter>LuaSocket</Filter>
    </ClInclude>
    <ClInclude Include="LinkedList.h">
      <Filter>LuaLinkedList\Header Files</Filter>
    </ClInclude>
    <ClInclude Include="LuaLinkedList.h">
      <Filter>LuaLinkedList\Header Files</Filter>
    </ClInclude>
    <ClInclude Include="LuaLinkedListMain.h">
      <Filter>LuaLinkedList</Filter>
    </ClInclude>
    <ClInclude Include="luakafka.h">
      <Filter>LuaKafka\Header Files</Filter>
    </ClInclude>
    <ClInclude Include="luakafkamain.h">
      <Filter>LuaKafka</Filter>
    </ClInclude>
  </ItemGroup>
  <ItemGroup>
    <Text Include="scrap.txt" />
    <Text Include="Lua functions.txt" />
    <Text Include="main.lua" />
  </ItemGroup>
  <ItemGroup>
    <ResourceCompile Include="GFF.rc">
      <Filter>Resource Files</Filter>
    </ResourceCompile>
  </ItemGroup>
  <ItemGroup>
    <Image Include="Lua\jiiiiiiiiitsu.ico">
      <Filter>Resource Files</Filter>
    </Image>
  </ItemGroup>
  <ItemGroup>
    <None Include="packages.config" />
  </ItemGroup>
</Project>